
Microsoft Visual Studio Solution File, Format Version 12.00
# Visual Studio Version 17
VisualStudioVersion = 17.0.31903.59
MinimumVisualStudioVersion = 10.0.40219.1
Project("{FAE04EC0-301F-11D3-BF4B-00C04F79EFBC}") = "TestTaskForABF", "TestTaskForABF\TestTaskForABF.csproj", "{EEDE18C9-F89F-4653-8671-5E67E530A7DD}"
EndProject
Global
	GlobalSection(SolutionConfigurationPlatforms) = preSolution
		Debug|Any CPU = Debug|Any CPU
		Release|Any CPU = Release|Any CPU
	EndGlobalSection
	GlobalSection(ProjectConfigurationPlatforms) = postSolution
		{EEDE18C9-F89F-4653-8671-5E67E530A7DD}.Debug|Any CPU.ActiveCfg = Debug|Any CPU
		{EEDE18C9-F89F-4653-8671-5E67E530A7DD}.Debug|Any CPU.Build.0 = Debug|Any CPU
		{EEDE18C9-F89F-4653-8671-5E67E530A7DD}.Release|Any CPU.ActiveCfg = Release|Any CPU
		{EEDE18C9-F89F-4653-8671-5E67E530A7DD}.Release|Any CPU.Build.0 = Release|Any CPU
	EndGlobalSection
	GlobalSection(SolutionProperties) = preSolution
		HideSolutionNode = FALSE
	EndGlobalSection
	GlobalSection(ExtensibilityGlobals) = postSolution
		SolutionGuid = {5FB04DD2-0851-4D5A-8959-ACC18260EC65}
	EndGlobalSection
EndGlobal
